
Microsoft Visual Studio Solution File, Format Version 12.00
# Visual Studio Version 16
VisualStudioVersion = 16.0.30320.27
MinimumVisualStudioVersion = 10.0.40219.1
Project("{2150E333-8FDC-42A3-9474-1A3956D46DE8}") = "Src", "Src", "{A86FBBE9-6EC3-4FB1-8FDF-99CE0F152F60}"
EndProject
Project("{2150E333-8FDC-42A3-9474-1A3956D46DE8}") = "Services", "Services", "{F34BAD7A-BC08-4347-A1D4-071CC43C6018}"
EndProject
Project("{2150E333-8FDC-42A3-9474-1A3956D46DE8}") = "Salary", "Salary", "{5F6790FB-8EE7-4767-A68B-77119C179A35}"
EndProject
Project("{2150E333-8FDC-42A3-9474-1A3956D46DE8}") = "Employee", "Employee", "{2B9D9C95-498F-4F64-8417-5E0C4779C5DA}"
EndProject
Project("{9A19103F-16F7-4668-BE54-9A1E7A4F7556}") = "Employee.Infrastructure", "Services\Employee\Employee.Infrastructure\Employee.Infrastructure.csproj", "{05316EC7-58DA-4690-8E99-F14CE36DED50}"
EndProject
Project("{9A19103F-16F7-4668-BE54-9A1E7A4F7556}") = "Employee.Dmoain", "Services\Employee\Employee.Dmoain\Employee.Dmoain.csproj", "{F447BB22-CE0D-400B-B0D0-158DA184CEEB}"
EndProject
Project("{9A19103F-16F7-4668-BE54-9A1E7A4F7556}") = "Employee.API", "Services\Employee\Employee.API\Employee.API.csproj", "{1699C3E9-346C-4C09-86C5-280B0669A7AD}"
EndProject
Project("{9A19103F-16F7-4668-BE54-9A1E7A4F7556}") = "Salary.Infrastructure", "Services\Salary\Salary.Infrastructure\Salary.Infrastructure.csproj", "{FB71CDC4-B523-463D-BDEA-881E5DDDF123}"
EndProject
Project("{9A19103F-16F7-4668-BE54-9A1E7A4F7556}") = "Salary.Domain", "Services\Salary\Salary.Domain\Salary.Domain.csproj", "{9CA0F15F-861D-4AB9-B56A-E942E6ECC78E}"
EndProject
Project("{9A19103F-16F7-4668-BE54-9A1E7A4F7556}") = "Salary.API", "Services\Salary\Salary.API\Salary.API.csproj", "{32E016EE-961F-4BAE-8E9F-273B3572E3B0}"
EndProject
Project("{2150E333-8FDC-42A3-9474-1A3956D46DE8}") = "BuildingBlocks", "BuildingBlocks", "{1004CFFE-E049-4F72-A6C0-409C3F3E8861}"
EndProject
Project("{2150E333-8FDC-42A3-9474-1A3956D46DE8}") = "EventBus", "EventBus", "{34B09B60-F62C-4B87-8E8D-30C082480249}"
EndProject
Project("{9A19103F-16F7-4668-BE54-9A1E7A4F7556}") = "EventBus", "BuildingBlocks\EventBus\EventBus\EventBus.csproj", "{C88836B6-C3D0-420C-AE90-6DCD184A445B}"
EndProject
Project("{2150E333-8FDC-42A3-9474-1A3956D46DE8}") = "EventBusRabbitMQ", "EventBusRabbitMQ", "{F0C89840-8CA3-437D-9176-7356B1662119}"
EndProject
Project("{9A19103F-16F7-4668-BE54-9A1E7A4F7556}") = "EventBusRabbitMQ", "BuildingBlocks\EventBus\EventBusRabbitMQ\EventBusRabbitMQ.csproj", "{791CFFD8-555A-4433-BB96-3280FB7AF367}"
EndProject
Project("{2150E333-8FDC-42A3-9474-1A3956D46DE8}") = "IntegrationEventLogEF", "IntegrationEventLogEF", "{48E90CE2-EB09-455C-8633-9BD7C63EC262}"
EndProject
Project("{2150E333-8FDC-42A3-9474-1A3956D46DE8}") = "WebApps", "WebApps", "{C88CFDEE-7B29-44BA-A315-8A71D111C2CF}"
EndProject
Project("{2150E333-8FDC-42A3-9474-1A3956D46DE8}") = "WebStatus", "WebStatus", "{7A95C228-7E2F-459E-B1E8-D1563822DCE3}"
EndProject
Project("{9A19103F-16F7-4668-BE54-9A1E7A4F7556}") = "WebStatus", "WebApps\WebStatus\WebStatus.csproj", "{429B3C7C-8562-4EFE-8ADB-19330D531614}"
EndProject
Project("{2150E333-8FDC-42A3-9474-1A3956D46DE8}") = "LookUp", "LookUp", "{EE6B6A37-506E-41B3-BB57-71723A984A99}"
EndProject
Project("{9A19103F-16F7-4668-BE54-9A1E7A4F7556}") = "lookup.API", "Services\lookup\Lookup.API\lookup.API.csproj", "{B13E9721-833E-434D-B21E-079A2D9956FD}"
EndProject
Project("{2150E333-8FDC-42A3-9474-1A3956D46DE8}") = "Identity", "Identity", "{FCDD0823-BF68-4F99-8CBD-3BEA52F280C9}"
EndProject
Project("{2150E333-8FDC-42A3-9474-1A3956D46DE8}") = "Webhooks", "Webhooks", "{7F087161-4CD6-47BB-A5C4-802A8E05013A}"
EndProject
Project("{9A19103F-16F7-4668-BE54-9A1E7A4F7556}") = "Webhooks.API", "Services\Webhooks\Webhooks.API\Webhooks.API.csproj", "{7DD96608-CD8A-4C5D-A8FA-9CBD7129A00D}"
EndProject
Project("{2150E333-8FDC-42A3-9474-1A3956D46DE8}") = "ApiGateways", "ApiGateways", "{5DE97818-1855-4388-8429-A458B9024ABE}"
EndProject
Project("{9A19103F-16F7-4668-BE54-9A1E7A4F7556}") = "GatewayRouting", "ApiGateways\GatewayRouting\GatewayRouting.csproj", "{260730F0-C455-4F4F-9C45-B6014657F670}"
EndProject
Project("{2150E333-8FDC-42A3-9474-1A3956D46DE8}") = "tests", "tests", "{E576D7C5-1AD0-4C14-9912-3703211F416E}"
EndProject
Project("{2150E333-8FDC-42A3-9474-1A3956D46DE8}") = "WebHost", "WebHost", "{5A98A409-12EA-4DA3-A69C-1B5115759731}"
EndProject
Project("{9A19103F-16F7-4668-BE54-9A1E7A4F7556}") = "WebHost.Customization", "BuildingBlocks\WebHost.Customization\WebHost.Customization.csproj", "{462166A1-772C-4328-BEE2-C0D0ECFFB702}"
EndProject
Project("{2150E333-8FDC-42A3-9474-1A3956D46DE8}") = "WebMVC", "WebMVC", "{C6FBF115-DCE1-4828-B3EB-39CD8A190241}"
EndProject
Project("{9A19103F-16F7-4668-BE54-9A1E7A4F7556}") = "IdentityServer.API", "Services\IdentityServer\IdentityServer.API.csproj", "{FF56A106-4FE8-4C47-8260-B2046C76277D}"
EndProject
Project("{9A19103F-16F7-4668-BE54-9A1E7A4F7556}") = "webMVC", "WebApps\webMVC\webMVC.csproj", "{10040A13-0DD8-4169-9B94-411C8C7641C1}"
EndProject
Project("{9A19103F-16F7-4668-BE54-9A1E7A4F7556}") = "IntegrationEventLogEF", "BuildingBlocks\EventBus\IntegrationEventLogEF\IntegrationEventLogEF.csproj", "{F06D0B44-1DEB-4E67-A1B7-2AC9783963CF}"
EndProject
Project("{2150E333-8FDC-42A3-9474-1A3956D46DE8}") = "EventBus.Tests", "EventBus.Tests", "{BAE59659-986C-4B73-84E3-BCD340584781}"
EndProject
Project("{9A19103F-16F7-4668-BE54-9A1E7A4F7556}") = "EventBus.Tests", "BuildingBlocks\EventBus.Tests\EventBus.Tests.csproj", "{C1162DE3-ACDD-4EFD-894D-A0598C6C7722}"
EndProject
Project("{9A19103F-16F7-4668-BE54-9A1E7A4F7556}") = "Employee.UnitTests", "Services\Employee\Employee.UnitTests\Employee.UnitTests.csproj", "{651D43FB-09C2-4A6E-9C3A-8B04C71C882A}"
EndProject
Project("{9A19103F-16F7-4668-BE54-9A1E7A4F7556}") = "Employee.FunctionalTests", "Services\Employee\Employee.FunctionalTests\Employee.FunctionalTests.csproj", "{D789BB94-FE35-4287-94B7-0539B02E4086}"
EndProject
Project("{FAE04EC0-301F-11D3-BF4B-00C04F79EFBC}") = "GatewayAggregator", "ApiGateways\GatewayAggregator\GatewayAggregator.csproj", "{04DB4159-CBD2-43B4-A5E6-52FBDB9EBEF0}"
EndProject
Global
	GlobalSection(SolutionConfigurationPlatforms) = preSolution
		Debug|Any CPU = Debug|Any CPU
		Release|Any CPU = Release|Any CPU
	EndGlobalSection
	GlobalSection(ProjectConfigurationPlatforms) = postSolution
		{05316EC7-58DA-4690-8E99-F14CE36DED50}.Debug|Any CPU.ActiveCfg = Debug|Any CPU
		{05316EC7-58DA-4690-8E99-F14CE36DED50}.Debug|Any CPU.Build.0 = Debug|Any CPU
		{05316EC7-58DA-4690-8E99-F14CE36DED50}.Release|Any CPU.ActiveCfg = Release|Any CPU
		{05316EC7-58DA-4690-8E99-F14CE36DED50}.Release|Any CPU.Build.0 = Release|Any CPU
		{F447BB22-CE0D-400B-B0D0-158DA184CEEB}.Debug|Any CPU.ActiveCfg = Debug|Any CPU
		{F447BB22-CE0D-400B-B0D0-158DA184CEEB}.Debug|Any CPU.Build.0 = Debug|Any CPU
		{F447BB22-CE0D-400B-B0D0-158DA184CEEB}.Release|Any CPU.ActiveCfg = Release|Any CPU
		{F447BB22-CE0D-400B-B0D0-158DA184CEEB}.Release|Any CPU.Build.0 = Release|Any CPU
		{1699C3E9-346C-4C09-86C5-280B0669A7AD}.Debug|Any CPU.ActiveCfg = Debug|Any CPU
		{1699C3E9-346C-4C09-86C5-280B0669A7AD}.Debug|Any CPU.Build.0 = Debug|Any CPU
		{1699C3E9-346C-4C09-86C5-280B0669A7AD}.Release|Any CPU.ActiveCfg = Release|Any CPU
		{1699C3E9-346C-4C09-86C5-280B0669A7AD}.Release|Any CPU.Build.0 = Release|Any CPU
		{FB71CDC4-B523-463D-BDEA-881E5DDDF123}.Debug|Any CPU.ActiveCfg = Debug|Any CPU
		{FB71CDC4-B523-463D-BDEA-881E5DDDF123}.Debug|Any CPU.Build.0 = Debug|Any CPU
		{FB71CDC4-B523-463D-BDEA-881E5DDDF123}.Release|Any CPU.ActiveCfg = Release|Any CPU
		{FB71CDC4-B523-463D-BDEA-881E5DDDF123}.Release|Any CPU.Build.0 = Release|Any CPU
		{9CA0F15F-861D-4AB9-B56A-E942E6ECC78E}.Debug|Any CPU.ActiveCfg = Debug|Any CPU
		{9CA0F15F-861D-4AB9-B56A-E942E6ECC78E}.Debug|Any CPU.Build.0 = Debug|Any CPU
		{9CA0F15F-861D-4AB9-B56A-E942E6ECC78E}.Release|Any CPU.ActiveCfg = Release|Any CPU
		{9CA0F15F-861D-4AB9-B56A-E942E6ECC78E}.Release|Any CPU.Build.0 = Release|Any CPU
		{32E016EE-961F-4BAE-8E9F-273B3572E3B0}.Debug|Any CPU.ActiveCfg = Debug|Any CPU
		{32E016EE-961F-4BAE-8E9F-273B3572E3B0}.Debug|Any CPU.Build.0 = Debug|Any CPU
		{32E016EE-961F-4BAE-8E9F-273B3572E3B0}.Release|Any CPU.ActiveCfg = Release|Any CPU
		{32E016EE-961F-4BAE-8E9F-273B3572E3B0}.Release|Any CPU.Build.0 = Release|Any CPU
		{C88836B6-C3D0-420C-AE90-6DCD184A445B}.Debug|Any CPU.ActiveCfg = Debug|Any CPU
		{C88836B6-C3D0-420C-AE90-6DCD184A445B}.Debug|Any CPU.Build.0 = Debug|Any CPU
		{C88836B6-C3D0-420C-AE90-6DCD184A445B}.Release|Any CPU.ActiveCfg = Release|Any CPU
		{C88836B6-C3D0-420C-AE90-6DCD184A445B}.Release|Any CPU.Build.0 = Release|Any CPU
		{791CFFD8-555A-4433-BB96-3280FB7AF367}.Debug|Any CPU.ActiveCfg = Debug|Any CPU
		{791CFFD8-555A-4433-BB96-3280FB7AF367}.Debug|Any CPU.Build.0 = Debug|Any CPU
		{791CFFD8-555A-4433-BB96-3280FB7AF367}.Release|Any CPU.ActiveCfg = Release|Any CPU
		{791CFFD8-555A-4433-BB96-3280FB7AF367}.Release|Any CPU.Build.0 = Release|Any CPU
		{429B3C7C-8562-4EFE-8ADB-19330D531614}.Debug|Any CPU.ActiveCfg = Debug|Any CPU
		{429B3C7C-8562-4EFE-8ADB-19330D531614}.Debug|Any CPU.Build.0 = Debug|Any CPU
		{429B3C7C-8562-4EFE-8ADB-19330D531614}.Release|Any CPU.ActiveCfg = Release|Any CPU
		{429B3C7C-8562-4EFE-8ADB-19330D531614}.Release|Any CPU.Build.0 = Release|Any CPU
		{B13E9721-833E-434D-B21E-079A2D9956FD}.Debug|Any CPU.ActiveCfg = Debug|Any CPU
		{B13E9721-833E-434D-B21E-079A2D9956FD}.Debug|Any CPU.Build.0 = Debug|Any CPU
		{B13E9721-833E-434D-B21E-079A2D9956FD}.Release|Any CPU.ActiveCfg = Release|Any CPU
		{B13E9721-833E-434D-B21E-079A2D9956FD}.Release|Any CPU.Build.0 = Release|Any CPU
		{7DD96608-CD8A-4C5D-A8FA-9CBD7129A00D}.Debug|Any CPU.ActiveCfg = Debug|Any CPU
		{7DD96608-CD8A-4C5D-A8FA-9CBD7129A00D}.Debug|Any CPU.Build.0 = Debug|Any CPU
		{7DD96608-CD8A-4C5D-A8FA-9CBD7129A00D}.Release|Any CPU.ActiveCfg = Release|Any CPU
		{7DD96608-CD8A-4C5D-A8FA-9CBD7129A00D}.Release|Any CPU.Build.0 = Release|Any CPU
		{260730F0-C455-4F4F-9C45-B6014657F670}.Debug|Any CPU.ActiveCfg = Debug|Any CPU
		{260730F0-C455-4F4F-9C45-B6014657F670}.Debug|Any CPU.Build.0 = Debug|Any CPU
		{260730F0-C455-4F4F-9C45-B6014657F670}.Release|Any CPU.ActiveCfg = Release|Any CPU
		{260730F0-C455-4F4F-9C45-B6014657F670}.Release|Any CPU.Build.0 = Release|Any CPU
		{462166A1-772C-4328-BEE2-C0D0ECFFB702}.Debug|Any CPU.ActiveCfg = Debug|Any CPU
		{462166A1-772C-4328-BEE2-C0D0ECFFB702}.Debug|Any CPU.Build.0 = Debug|Any CPU
		{462166A1-772C-4328-BEE2-C0D0ECFFB702}.Release|Any CPU.ActiveCfg = Release|Any CPU
		{462166A1-772C-4328-BEE2-C0D0ECFFB702}.Release|Any CPU.Build.0 = Release|Any CPU
		{FF56A106-4FE8-4C47-8260-B2046C76277D}.Debug|Any CPU.ActiveCfg = Debug|Any CPU
		{FF56A106-4FE8-4C47-8260-B2046C76277D}.Debug|Any CPU.Build.0 = Debug|Any CPU
		{FF56A106-4FE8-4C47-8260-B2046C76277D}.Release|Any CPU.ActiveCfg = Release|Any CPU
		{FF56A106-4FE8-4C47-8260-B2046C76277D}.Release|Any CPU.Build.0 = Release|Any CPU
		{10040A13-0DD8-4169-9B94-411C8C7641C1}.Debug|Any CPU.ActiveCfg = Debug|Any CPU
		{10040A13-0DD8-4169-9B94-411C8C7641C1}.Debug|Any CPU.Build.0 = Debug|Any CPU
		{10040A13-0DD8-4169-9B94-411C8C7641C1}.Release|Any CPU.ActiveCfg = Release|Any CPU
		{10040A13-0DD8-4169-9B94-411C8C7641C1}.Release|Any CPU.Build.0 = Release|Any CPU
		{F06D0B44-1DEB-4E67-A1B7-2AC9783963CF}.Debug|Any CPU.ActiveCfg = Debug|Any CPU
		{F06D0B44-1DEB-4E67-A1B7-2AC9783963CF}.Debug|Any CPU.Build.0 = Debug|Any CPU
		{F06D0B44-1DEB-4E67-A1B7-2AC9783963CF}.Release|Any CPU.ActiveCfg = Release|Any CPU
		{F06D0B44-1DEB-4E67-A1B7-2AC9783963CF}.Release|Any CPU.Build.0 = Release|Any CPU
		{C1162DE3-ACDD-4EFD-894D-A0598C6C7722}.Debug|Any CPU.ActiveCfg = Debug|Any CPU
		{C1162DE3-ACDD-4EFD-894D-A0598C6C7722}.Debug|Any CPU.Build.0 = Debug|Any CPU
		{C1162DE3-ACDD-4EFD-894D-A0598C6C7722}.Release|Any CPU.ActiveCfg = Release|Any CPU
		{C1162DE3-ACDD-4EFD-894D-A0598C6C7722}.Release|Any CPU.Build.0 = Release|Any CPU
		{651D43FB-09C2-4A6E-9C3A-8B04C71C882A}.Debug|Any CPU.ActiveCfg = Debug|Any CPU
		{651D43FB-09C2-4A6E-9C3A-8B04C71C882A}.Debug|Any CPU.Build.0 = Debug|Any CPU
		{651D43FB-09C2-4A6E-9C3A-8B04C71C882A}.Release|Any CPU.ActiveCfg = Release|Any CPU
		{651D43FB-09C2-4A6E-9C3A-8B04C71C882A}.Release|Any CPU.Build.0 = Release|Any CPU
		{D789BB94-FE35-4287-94B7-0539B02E4086}.Debug|Any CPU.ActiveCfg = Debug|Any CPU
		{D789BB94-FE35-4287-94B7-0539B02E4086}.Debug|Any CPU.Build.0 = Debug|Any CPU
		{D789BB94-FE35-4287-94B7-0539B02E4086}.Release|Any CPU.ActiveCfg = Release|Any CPU
		{D789BB94-FE35-4287-94B7-0539B02E4086}.Release|Any CPU.Build.0 = Release|Any CPU
		{04DB4159-CBD2-43B4-A5E6-52FBDB9EBEF0}.Debug|Any CPU.ActiveCfg = Debug|Any CPU
		{04DB4159-CBD2-43B4-A5E6-52FBDB9EBEF0}.Debug|Any CPU.Build.0 = Debug|Any CPU
		{04DB4159-CBD2-43B4-A5E6-52FBDB9EBEF0}.Release|Any CPU.ActiveCfg = Release|Any CPU
		{04DB4159-CBD2-43B4-A5E6-52FBDB9EBEF0}.Release|Any CPU.Build.0 = Release|Any CPU
	EndGlobalSection
	GlobalSection(SolutionProperties) = preSolution
		HideSolutionNode = FALSE
	EndGlobalSection
	GlobalSection(NestedProjects) = preSolution
		{F34BAD7A-BC08-4347-A1D4-071CC43C6018} = {A86FBBE9-6EC3-4FB1-8FDF-99CE0F152F60}
		{5F6790FB-8EE7-4767-A68B-77119C179A35} = {F34BAD7A-BC08-4347-A1D4-071CC43C6018}
		{2B9D9C95-498F-4F64-8417-5E0C4779C5DA} = {F34BAD7A-BC08-4347-A1D4-071CC43C6018}
		{05316EC7-58DA-4690-8E99-F14CE36DED50} = {2B9D9C95-498F-4F64-8417-5E0C4779C5DA}
		{F447BB22-CE0D-400B-B0D0-158DA184CEEB} = {2B9D9C95-498F-4F64-8417-5E0C4779C5DA}
		{1699C3E9-346C-4C09-86C5-280B0669A7AD} = {2B9D9C95-498F-4F64-8417-5E0C4779C5DA}
		{FB71CDC4-B523-463D-BDEA-881E5DDDF123} = {5F6790FB-8EE7-4767-A68B-77119C179A35}
		{9CA0F15F-861D-4AB9-B56A-E942E6ECC78E} = {5F6790FB-8EE7-4767-A68B-77119C179A35}
		{32E016EE-961F-4BAE-8E9F-273B3572E3B0} = {5F6790FB-8EE7-4767-A68B-77119C179A35}
		{1004CFFE-E049-4F72-A6C0-409C3F3E8861} = {A86FBBE9-6EC3-4FB1-8FDF-99CE0F152F60}
		{34B09B60-F62C-4B87-8E8D-30C082480249} = {1004CFFE-E049-4F72-A6C0-409C3F3E8861}
		{C88836B6-C3D0-420C-AE90-6DCD184A445B} = {34B09B60-F62C-4B87-8E8D-30C082480249}
		{F0C89840-8CA3-437D-9176-7356B1662119} = {1004CFFE-E049-4F72-A6C0-409C3F3E8861}
		{791CFFD8-555A-4433-BB96-3280FB7AF367} = {F0C89840-8CA3-437D-9176-7356B1662119}
		{48E90CE2-EB09-455C-8633-9BD7C63EC262} = {1004CFFE-E049-4F72-A6C0-409C3F3E8861}
		{C88CFDEE-7B29-44BA-A315-8A71D111C2CF} = {A86FBBE9-6EC3-4FB1-8FDF-99CE0F152F60}
		{7A95C228-7E2F-459E-B1E8-D1563822DCE3} = {C88CFDEE-7B29-44BA-A315-8A71D111C2CF}
		{429B3C7C-8562-4EFE-8ADB-19330D531614} = {7A95C228-7E2F-459E-B1E8-D1563822DCE3}
		{EE6B6A37-506E-41B3-BB57-71723A984A99} = {F34BAD7A-BC08-4347-A1D4-071CC43C6018}
		{B13E9721-833E-434D-B21E-079A2D9956FD} = {EE6B6A37-506E-41B3-BB57-71723A984A99}
		{FCDD0823-BF68-4F99-8CBD-3BEA52F280C9} = {F34BAD7A-BC08-4347-A1D4-071CC43C6018}
		{7F087161-4CD6-47BB-A5C4-802A8E05013A} = {F34BAD7A-BC08-4347-A1D4-071CC43C6018}
		{7DD96608-CD8A-4C5D-A8FA-9CBD7129A00D} = {7F087161-4CD6-47BB-A5C4-802A8E05013A}
		{5DE97818-1855-4388-8429-A458B9024ABE} = {A86FBBE9-6EC3-4FB1-8FDF-99CE0F152F60}
		{260730F0-C455-4F4F-9C45-B6014657F670} = {5DE97818-1855-4388-8429-A458B9024ABE}
		{E576D7C5-1AD0-4C14-9912-3703211F416E} = {2B9D9C95-498F-4F64-8417-5E0C4779C5DA}
		{5A98A409-12EA-4DA3-A69C-1B5115759731} = {1004CFFE-E049-4F72-A6C0-409C3F3E8861}
		{462166A1-772C-4328-BEE2-C0D0ECFFB702} = {5A98A409-12EA-4DA3-A69C-1B5115759731}
		{C6FBF115-DCE1-4828-B3EB-39CD8A190241} = {C88CFDEE-7B29-44BA-A315-8A71D111C2CF}
		{FF56A106-4FE8-4C47-8260-B2046C76277D} = {FCDD0823-BF68-4F99-8CBD-3BEA52F280C9}
		{10040A13-0DD8-4169-9B94-411C8C7641C1} = {C6FBF115-DCE1-4828-B3EB-39CD8A190241}
		{F06D0B44-1DEB-4E67-A1B7-2AC9783963CF} = {48E90CE2-EB09-455C-8633-9BD7C63EC262}
		{BAE59659-986C-4B73-84E3-BCD340584781} = {1004CFFE-E049-4F72-A6C0-409C3F3E8861}
		{C1162DE3-ACDD-4EFD-894D-A0598C6C7722} = {BAE59659-986C-4B73-84E3-BCD340584781}
		{651D43FB-09C2-4A6E-9C3A-8B04C71C882A} = {E576D7C5-1AD0-4C14-9912-3703211F416E}
		{D789BB94-FE35-4287-94B7-0539B02E4086} = {E576D7C5-1AD0-4C14-9912-3703211F416E}
		{04DB4159-CBD2-43B4-A5E6-52FBDB9EBEF0} = {5DE97818-1855-4388-8429-A458B9024ABE}
	EndGlobalSection
	GlobalSection(ExtensibilityGlobals) = postSolution
		SolutionGuid = {ECEC5176-5DB7-4879-A0DF-1C09DF636098}
	EndGlobalSection
EndGlobal
